// !$*UTF8*$!
{
	archiveVersion = 1;
	classes = {
	};
	objectVersion = 50;
	objects = {

/* Begin PBXBuildFile section */
		2F1791EF2495A75B00AC4589 /* AppDelegate.swift in Sources */ = {isa = PBXBuildFile; fileRef = 2F1791EE2495A75B00AC4589 /* AppDelegate.swift */; };
		2F1791F12495A75B00AC4589 /* SceneDelegate.swift in Sources */ = {isa = PBXBuildFile; fileRef = 2F1791F02495A75B00AC4589 /* SceneDelegate.swift */; };
		2F1791F32495A75B00AC4589 /* ViewController.swift in Sources */ = {isa = PBXBuildFile; fileRef = 2F1791F22495A75B00AC4589 /* ViewController.swift */; };
		2F1791F62495A75B00AC4589 /* Main.storyboard in Resources */ = {isa = PBXBuildFile; fileRef = 2F1791F42495A75B00AC4589 /* Main.storyboard */; };
		2F1791F82495A75F00AC4589 /* Assets.xcassets in Resources */ = {isa = PBXBuildFile; fileRef = 2F1791F72495A75F00AC4589 /* Assets.xcassets */; };
		2F1791FB2495A75F00AC4589 /* LaunchScreen.storyboard in Resources */ = {isa = PBXBuildFile; fileRef = 2F1791F92495A75F00AC4589 /* LaunchScreen.storyboard */; };
/* End PBXBuildFile section */

/* Begin PBXFileReference section */
		2F1791EB2495A75B00AC4589 /* ExampleUIKItPreview.app */ = {isa = PBXFileReference; explicitFileType = wrapper.application; includeInIndex = 0; path = ExampleUIKItPreview.app; sourceTree = BUILT_PRODUCTS_DIR; };
		2F1791EE2495A75B00AC4589 /* AppDelegate.swift */ = {isa = PBXFileReference; lastKnownFileType = sourcecode.swift; path = AppDelegate.swift; sourceTree = "<group>"; };
		2F1791F02495A75B00AC4589 /* SceneDelegate.swift */ = {isa = PBXFileReference; lastKnownFileType = sourcecode.swift; path = SceneDelegate.swift; sourceTree = "<group>"; };
		2F1791F22495A75B00AC4589 /* ViewController.swift */ = {isa = PBXFileReference; lastKnownFileType = sourcecode.swift; path = ViewController.swift; sourceTree = "<group>"; };
		2F1791F52495A75B00AC4589 /* Base */ = {isa = PBXFileReference; lastKnownFileType = file.storyboard; name = Base; path = Base.lproj/Main.storyboard; sourceTree = "<group>"; };
		2F1791F72495A75F00AC4589 /* Assets.xcassets */ = {isa = PBXFileReference; lastKnownFileType = folder.assetcatalog; path = Assets.xcassets; sourceTree = "<group>"; };
		2F1791FA2495A75F00AC4589 /* Base */ = {isa = PBXFileReference; lastKnownFileType = file.storyboard; name = Base; path = Base.lproj/LaunchScreen.storyboard; sourceTree = "<group>"; };
		2F1791FC2495A75F00AC4589 /* Info.plist */ = {isa = PBXFileReference; lastKnownFileType = text.plist.xml; path = Info.plist; sourceTree = "<group>"; };
/* End PBXFileReference section */

/* Begin PBXFrameworksBuildPhase section */
		2F1791E82495A75B00AC4589 /* Frameworks */ = {
			isa = PBXFrameworksBuildPhase;
			buildActionMask = 2147483647;
			files = (
			);
			runOnlyForDeploymentPostprocessing = 0;
		};
/* End PBXFrameworksBuildPhase section */

/* Begin PBXGroup section */
		2F1791E22495A75B00AC4589 = {
			isa = PBXGroup;
			children = (
				2F1791ED2495A75B00AC4589 /* ExampleUIKItPreview */,
				2F1791EC2495A75B00AC4589 /* Products */,
			);
			sourceTree = "<group>";
		};
		2F1791EC2495A75B00AC4589 /* Products */ = {
			isa = PBXGroup;
			children = (
				2F1791EB2495A75B00AC4589 /* ExampleUIKItPreview.app */,
			);
			name = Products;
			sourceTree = "<group>";
		};
		2F1791ED2495A75B00AC4589 /* ExampleUIKItPreview */ = {
			isa = PBXGroup;
			children = (
				2F1791EE2495A75B00AC4589 /* AppDelegate.swift */,
				2F1791F02495A75B00AC4589 /* SceneDelegate.swift */,
				2F1791F22495A75B00AC4589 /* ViewController.swift */,
				2F1791F42495A75B00AC4589 /* Main.storyboard */,
				2F1791F72495A75F00AC4589 /* Assets.xcassets */,
				2F1791F92495A75F00AC4589 /* LaunchScreen.storyboard */,
				2F1791FC2495A75F00AC4589 /* Info.plist */,
			);
			path = ExampleUIKItPreview;
			sourceTree = "<group>";
		};
/* End PBXGroup section */

/* Begin PBXNativeTarget section */
		2F1791EA2495A75B00AC4589 /* ExampleUIKItPreview */ = {
			isa = PBXNativeTarget;
			buildConfigurationList = 2F1791FF2495A75F00AC4589 /* Build configuration list for PBXNativeTarget "ExampleUIKItPreview" */;
			buildPhases = (
				2F1791E72495A75B00AC4589 /* Sources */,
				2F1791E82495A75B00AC4589 /* Frameworks */,
				2F1791E92495A75B00AC4589 /* Resources */,
			);
			buildRules = (
			);
			dependencies = (
			);
			name = ExampleUIKItPreview;
			productName = ExampleUIKItPreview;
			productReference = 2F1791EB2495A75B00AC4589 /* ExampleUIKItPreview.app */;
			productType = "com.apple.product-type.application";
		};
/* End PBXNativeTarget section */

/* Begin PBXProject section */
		2F1791E32495A75B00AC4589 /* Project object */ = {
			isa = PBXProject;
			attributes = {
				LastSwiftUpdateCheck = 1150;
				LastUpgradeCheck = 1150;
				ORGANIZATIONNAME = "Jay Randall Shideler";
				TargetAttributes = {
					2F1791EA2495A75B00AC4589 = {
						CreatedOnToolsVersion = 11.5;
					};
				};
			};
			buildConfigurationList = 2F1791E62495A75B00AC4589 /* Build configuration list for PBXProject "ExampleUIKItPreview" */;
			compatibilityVersion = "Xcode 9.3";
			developmentRegion = en;
			hasScannedForEncodings = 0;
			knownRegions = (
				en,
				Base,
			);
			mainGroup = 2F1791E22495A75B00AC4589;
			productRefGroup = 2F1791EC2495A75B00AC4589 /* Products */;
			projectDirPath = "";
			projectRoot = "";
			targets = (
				2F1791EA2495A75B00AC4589 /* ExampleUIKItPreview */,
			);
		};
/* End PBXProject section */

/* Begin PBXResourcesBuildPhase section */
		2F1791E92495A75B00AC4589 /* Resources */ = {
			isa = PBXResourcesBuildPhase;
			buildActionMask = 2147483647;
			files = (
				2F1791FB2495A75F00AC4589 /* LaunchScreen.storyboard in Resources */,
				2F1791F82495A75F00AC4589 /* Assets.xcassets in Resources */,
				2F1791F62495A75B00AC4589 /* Main.storyboard in Resources */,
			);
			runOnlyForDeploymentPostprocessing = 0;
		};
/* End PBXResourcesBuildPhase section */

/* Begin PBXSourcesBuildPhase section */
		2F1791E72495A75B00AC4589 /* Sources */ = {
			isa = PBXSourcesBuildPhase;
			buildActionMask = 2147483647;
			files = (
				2F1791F32495A75B00AC4589 /* ViewController.swift in Sources */,
				2F1791EF2495A75B00AC4589 /* AppDelegate.swift in Sources */,
				2F1791F12495A75B00AC4589 /* SceneDelegate.swift in Sources */,
			);
			runOnlyForDeploymentPostprocessing = 0;
		};
/* End PBXSourcesBuildPhase section */

/* Begin PBXVariantGroup section */
		2F1791F42495A75B00AC4589 /* Main.storyboard */ = {
			isa = PBXVariantGroup;
			children = (
				2F1791F52495A75B00AC4589 /* Base */,
			);
			name = Main.storyboard;
			sourceTree = "<group>";
		};
		2F1791F92495A75F00AC4589 /* LaunchScreen.storyboard */ = {
			isa = PBXVariantGroup;
			children = (
				2F1791FA2495A75F00AC4589 /* Base */,
			);
			name = LaunchScreen.storyboard;
			sourceTree = "<group>";
		};
/* End PBXVariantGroup section */

/* Begin XCBuildConfiguration section */
		2F1791FD2495A75F00AC4589 /* Debug */ = {
			isa = XCBuildConfiguration;
			buildSettings = {
				ALWAYS_SEARCH_USER_PATHS = NO;
				CLANG_ANALYZER_NONNULL = YES;
				CLANG_ANALYZER_NUMBER_OBJECT_CONVERSION = YES_AGGRESSIVE;
				CLANG_CXX_LANGUAGE_STANDARD = "gnu++14";
				CLANG_CXX_LIBRARY = "libc++";
				CLANG_ENABLE_MODULES = YES;
				CLANG_ENABLE_OBJC_ARC = YES;
				CLANG_ENABLE_OBJC_WEAK = YES;
				CLANG_WARN_BLOCK_CAPTURE_AUTORELEASING = YES;
				CLANG_WARN_BOOL_CONVERSION = YES;
				CLANG_WARN_COMMA = YES;
				CLANG_WARN_CONSTANT_CONVERSION = YES;
				CLANG_WARN_DEPRECATED_OBJC_IMPLEMENTATIONS = YES;
				CLANG_WARN_DIRECT_OBJC_ISA_USAGE = YES_ERROR;
				CLANG_WARN_DOCUMENTATION_COMMENTS = YES;
				CLANG_WARN_EMPTY_BODY = YES;
				CLANG_WARN_ENUM_CONVERSION = YES;
				CLANG_WARN_INFINITE_RECURSION = YES;
				CLANG_WARN_INT_CONVERSION = YES;
				CLANG_WARN_NON_LITERAL_NULL_CONVERSION = YES;
				CLANG_WARN_OBJC_IMPLICIT_RETAIN_SELF = YES;
				CLANG_WARN_OBJC_LITERAL_CONVERSION = YES;
				CLANG_WARN_OBJC_ROOT_CLASS = YES_ERROR;
				CLANG_WARN_RANGE_LOOP_ANALYSIS = YES;
				CLANG_WARN_STRICT_PROTOTYPES = YES;
				CLANG_WARN_SUSPICIOUS_MOVE = YES;
				CLANG_WARN_UNGUARDED_AVAILABILITY = YES_AGGRESSIVE;
				CLANG_WARN_UNREACHABLE_CODE = YES;
				CLANG_WARN__DUPLICATE_METHOD_MATCH = YES;
				COPY_PHASE_STRIP = NO;
				DEBUG_INFORMATION_FORMAT = dwarf;
				ENABLE_STRICT_OBJC_MSGSEND = YES;
				ENABLE_TESTABILITY = YES;
				GCC_C_LANGUAGE_STANDARD = gnu11;
				GCC_DYNAMIC_NO_PIC = NO;
				GCC_NO_COMMON_BLOCKS = YES;
				GCC_OPTIMIZATION_LEVEL = 0;
				GCC_PREPROCESSOR_DEFINITIONS = (
					"DEBUG=1",
					"$(inherited)",
				);
				GCC_WARN_64_TO_32_BIT_CONVERSION = YES;
				GCC_WARN_ABOUT_RETURN_TYPE = YES_ERROR;
				GCC_WARN_UNDECLARED_SELECTOR = YES;
				GCC_WARN_UNINITIALIZED_AUTOS = YES_AGGRESSIVE;
				GCC_WARN_UNUSED_FUNCTION = YES;
				GCC_WARN_UNUSED_VARIABLE = YES;
				IPHONEOS_DEPLOYMENT_TARGET = 13.5;
				MTL_ENABLE_DEBUG_INFO = INCLUDE_SOURCE;
				MTL_FAST_MATH = YES;
				ONLY_ACTIVE_ARCH = YES;
				SDKROOT = iphoneos;
				SWIFT_ACTIVE_COMPILATION_CONDITIONS = DEBUG;
				SWIFT_OPTIMIZATION_LEVEL = "-Onone";
			};
			name = Debug;
		};
		2F1791FE2495A75F00AC4589 /* Release */ = {
			isa = XCBuildConfiguration;
			buildSettings = {
				ALWAYS_SEARCH_USER_PATHS = NO;
				CLANG_ANALYZER_NONNULL = YES;
				CLANG_ANALYZER_NUMBER_OBJECT_CONVERSION = YES_AGGRESSIVE;
				CLANG_CXX_LANGUAGE_STANDARD = "gnu++14";
				CLANG_CXX_LIBRARY = "libc++";
				CLANG_ENABLE_MODULES = YES;
				CLANG_ENABLE_OBJC_ARC = YES;
				CLANG_ENABLE_OBJC_WEAK = YES;
				CLANG_WARN_BLOCK_CAPTURE_AUTORELEASING = YES;
				CLANG_WARN_BOOL_CONVERSION = YES;
				CLANG_WARN_COMMA = YES;
				CLANG_WARN_CONSTANT_CONVERSION = YES;
				CLANG_WARN_DEPRECATED_OBJC_IMPLEMENTATIONS = YES;
				CLANG_WARN_DIRECT_OBJC_ISA_USAGE = YES_ERROR;
				CLANG_WARN_DOCUMENTATION_COMMENTS = YES;
				CLANG_WARN_EMPTY_BODY = YES;
				CLANG_WARN_ENUM_CONVERSION = YES;
				CLANG_WARN_INFINITE_RECURSION = YES;
				CLANG_WARN_INT_CONVERSION = YES;
				CLANG_WARN_NON_LITERAL_NULL_CONVERSION = YES;
				CLANG_WARN_OBJC_IMPLICIT_RETAIN_SELF = YES;
				CLANG_WARN_OBJC_LITERAL_CONVERSION = YES;
				CLANG_WARN_OBJC_ROOT_CLASS = YES_ERROR;
				CLANG_WARN_RANGE_LOOP_ANALYSIS = YES;
				CLANG_WARN_STRICT_PROTOTYPES = YES;
				CLANG_WARN_SUSPICIOUS_MOVE = YES;
				CLANG_WARN_UNGUARDED_AVAILABILITY = YES_AGGRESSIVE;
				CLANG_WARN_UNREACHABLE_CODE = YES;
				CLANG_WARN__DUPLICATE_METHOD_MATCH = YES;
				COPY_PHASE_STRIP = NO;
				DEBUG_INFORMATION_FORMAT = "dwarf-with-dsym";
				ENABLE_NS_ASSERTIONS = NO;
				ENABLE_STRICT_OBJC_MSGSEND = YES;
				GCC_C_LANGUAGE_STANDARD = gnu11;
				GCC_NO_COMMON_BLOCKS = YES;
				GCC_WARN_64_TO_32_BIT_CONVERSION = YES;
				GCC_WARN_ABOUT_RETURN_TYPE = YES_ERROR;
				GCC_WARN_UNDECLARED_SELECTOR = YES;
				GCC_WARN_UNINITIALIZED_AUTOS = YES_AGGRESSIVE;
				GCC_WARN_UNUSED_FUNCTION = YES;
				GCC_WARN_UNUSED_VARIABLE = YES;
				IPHONEOS_DEPLOYMENT_TARGET = 13.5;
				MTL_ENABLE_DEBUG_INFO = NO;
				MTL_FAST_MATH = YES;
				SDKROOT = iphoneos;
				SWIFT_COMPILATION_MODE = wholemodule;
				SWIFT_OPTIMIZATION_LEVEL = "-O";
				VALIDATE_PRODUCT = YES;
			};
			name = Release;
		};
		2F1792002495A75F00AC4589 /* Debug */ = {
			isa = XCBuildConfiguration;
			buildSettings = {
				ASSETCATALOG_COMPILER_APPICON_NAME = AppIcon;
				CODE_SIGN_STYLE = Automatic;
				DEVELOPMENT_TEAM = 822PPH787H;
				INFOPLIST_FILE = ExampleUIKItPreview/Info.plist;
				LD_RUNPATH_SEARCH_PATHS = (
					"$(inherited)",
					"@executable_path/Frameworks",
				);
				PRODUCT_BUNDLE_IDENTIFIER = com.xposoft.ExampleUIKItPreview;
				PRODUCT_NAME = "$(TARGET_NAME)";
				SWIFT_VERSION = 5.0;
				TARGETED_DEVICE_FAMILY = "1,2";
			};
			name = Debug;
		};
		2F1792012495A75F00AC4589 /* Release */ = {
			isa = XCBuildConfiguration;
			buildSettings = {
				ASSETCATALOG_COMPILER_APPICON_NAME = AppIcon;
				CODE_SIGN_STYLE = Automatic;
				DEVELOPMENT_TEAM = 822PPH787H;
				INFOPLIST_FILE = ExampleUIKItPreview/Info.plist;
				LD_RUNPATH_SEARCH_PATHS = (
					"$(inherited)",
					"@executable_path/Frameworks",
				);
				PRODUCT_BUNDLE_IDENTIFIER = com.xposoft.ExampleUIKItPreview;
				PRODUCT_NAME = "$(TARGET_NAME)";
				SWIFT_VERSION = 5.0;
				TARGETED_DEVICE_FAMILY = "1,2";
			};
			name = Release;
		};
/* End XCBuildConfiguration section */

/* Begin XCConfigurationList section */
		2F1791E62495A75B00AC4589 /* Build configuration list for PBXProject "ExampleUIKItPreview" */ = {
			isa = XCConfigurationList;
			buildConfigurations = (
				2F1791FD2495A75F00AC4589 /* Debug */,
				2F1791FE2495A75F00AC4589 /* Release */,
			);
			defaultConfigurationIsVisible = 0;
			defaultConfigurationName = Release;
		};
		2F1791FF2495A75F00AC4589 /* Build configuration list for PBXNativeTarget "ExampleUIKItPreview" */ = {
			isa = XCConfigurationList;
			buildConfigurations = (
				2F1792002495A75F00AC4589 /* Debug */,
				2F1792012495A75F00AC4589 /* Release */,
			);
			defaultConfigurationIsVisible = 0;
			defaultConfigurationName = Release;
		};
/* End XCConfigurationList section */
	};
	rootObject = 2F1791E32495A75B00AC4589 /* Project object */;
}
